// !$*UTF8*$!
{
	archiveVersion = 1;
	classes = {
	};
	objectVersion = 48;
	objects = {

/* Begin PBXBuildFile section */
		221ECF93708CDCB1D3B3D3B7 /* Pods_flicker_application.framework in Frameworks */ = {isa = PBXBuildFile; fileRef = E1727B62A7F9261E7F12CDA4 /* Pods_flicker_application.framework */; };
		C012EDA12009A33400AF5C1E /* FlickrQueues.swift in Sources */ = {isa = PBXBuildFile; fileRef = C012EDA02009A33400AF5C1E /* FlickrQueues.swift */; };
		C03D3FB4200400D500F15A2C /* FlickrPhoto.swift in Sources */ = {isa = PBXBuildFile; fileRef = C03D3FB3200400D500F15A2C /* FlickrPhoto.swift */; };
		C03D3FB62004022100F15A2C /* FlikerAPI.swift in Sources */ = {isa = PBXBuildFile; fileRef = C03D3FB52004022100F15A2C /* FlikerAPI.swift */; };
		C03D3FB82004052900F15A2C /* FlickrService.swift in Sources */ = {isa = PBXBuildFile; fileRef = C03D3FB72004052900F15A2C /* FlickrService.swift */; };
		C03D3FBA20040AA800F15A2C /* FlikrCollectionViewCell.swift in Sources */ = {isa = PBXBuildFile; fileRef = C03D3FB920040AA800F15A2C /* FlikrCollectionViewCell.swift */; };
		C03D3FBD20040C8A00F15A2C /* ApiKeys.swift in Sources */ = {isa = PBXBuildFile; fileRef = C03D3FBC20040C8A00F15A2C /* ApiKeys.swift */; };
		C0B8FB64200953B2008E66A9 /* UIImageView + Extentions .swift in Sources */ = {isa = PBXBuildFile; fileRef = C0B8FB63200953B2008E66A9 /* UIImageView + Extentions .swift */; };
		C0E92D862003FEC70002A8F5 /* AppDelegate.swift in Sources */ = {isa = PBXBuildFile; fileRef = C0E92D852003FEC70002A8F5 /* AppDelegate.swift */; };
		C0E92D882003FEC70002A8F5 /* MainFeedViewController.swift in Sources */ = {isa = PBXBuildFile; fileRef = C0E92D872003FEC70002A8F5 /* MainFeedViewController.swift */; };
		C0E92D8B2003FEC70002A8F5 /* Main.storyboard in Resources */ = {isa = PBXBuildFile; fileRef = C0E92D892003FEC70002A8F5 /* Main.storyboard */; };
		C0E92D8D2003FEC70002A8F5 /* Assets.xcassets in Resources */ = {isa = PBXBuildFile; fileRef = C0E92D8C2003FEC70002A8F5 /* Assets.xcassets */; };
		C0E92D902003FEC70002A8F5 /* LaunchScreen.storyboard in Resources */ = {isa = PBXBuildFile; fileRef = C0E92D8E2003FEC70002A8F5 /* LaunchScreen.storyboard */; };
/* End PBXBuildFile section */

/* Begin PBXFileReference section */
		2E1CC94F8D31C671039ED815 /* Pods-flicker_application.debug.xcconfig */ = {isa = PBXFileReference; includeInIndex = 1; lastKnownFileType = text.xcconfig; name = "Pods-flicker_application.debug.xcconfig"; path = "Pods/Target Support Files/Pods-flicker_application/Pods-flicker_application.debug.xcconfig"; sourceTree = "<group>"; };
		3CDA1DF2D2A685EF51866403 /* Pods_flicker_applicationUITests.framework */ = {isa = PBXFileReference; explicitFileType = wrapper.framework; includeInIndex = 0; path = Pods_flicker_applicationUITests.framework; sourceTree = BUILT_PRODUCTS_DIR; };
		8C6AD83679183411324164F0 /* Pods-flicker_applicationTests.release.xcconfig */ = {isa = PBXFileReference; includeInIndex = 1; lastKnownFileType = text.xcconfig; name = "Pods-flicker_applicationTests.release.xcconfig"; path = "Pods/Target Support Files/Pods-flicker_applicationTests/Pods-flicker_applicationTests.release.xcconfig"; sourceTree = "<group>"; };
		979335E8C13C38012DD84C55 /* Pods-flicker_applicationUITests.debug.xcconfig */ = {isa = PBXFileReference; includeInIndex = 1; lastKnownFileType = text.xcconfig; name = "Pods-flicker_applicationUITests.debug.xcconfig"; path = "Pods/Target Support Files/Pods-flicker_applicationUITests/Pods-flicker_applicationUITests.debug.xcconfig"; sourceTree = "<group>"; };
		979D02E32C731F31CB007E90 /* Pods-flicker_applicationTests.debug.xcconfig */ = {isa = PBXFileReference; includeInIndex = 1; lastKnownFileType = text.xcconfig; name = "Pods-flicker_applicationTests.debug.xcconfig"; path = "Pods/Target Support Files/Pods-flicker_applicationTests/Pods-flicker_applicationTests.debug.xcconfig"; sourceTree = "<group>"; };
		B848E2C2E8A95C9E9CB6F048 /* Pods-flicker_applicationUITests.release.xcconfig */ = {isa = PBXFileReference; includeInIndex = 1; lastKnownFileType = text.xcconfig; name = "Pods-flicker_applicationUITests.release.xcconfig"; path = "Pods/Target Support Files/Pods-flicker_applicationUITests/Pods-flicker_applicationUITests.release.xcconfig"; sourceTree = "<group>"; };
		C012EDA02009A33400AF5C1E /* FlickrQueues.swift */ = {isa = PBXFileReference; lastKnownFileType = sourcecode.swift; path = FlickrQueues.swift; sourceTree = "<group>"; };
		C03D3FB3200400D500F15A2C /* FlickrPhoto.swift */ = {isa = PBXFileReference; lastKnownFileType = sourcecode.swift; path = FlickrPhoto.swift; sourceTree = "<group>"; };
		C03D3FB52004022100F15A2C /* FlikerAPI.swift */ = {isa = PBXFileReference; lastKnownFileType = sourcecode.swift; path = FlikerAPI.swift; sourceTree = "<group>"; };
		C03D3FB72004052900F15A2C /* FlickrService.swift */ = {isa = PBXFileReference; lastKnownFileType = sourcecode.swift; path = FlickrService.swift; sourceTree = "<group>"; };
		C03D3FB920040AA800F15A2C /* FlikrCollectionViewCell.swift */ = {isa = PBXFileReference; lastKnownFileType = sourcecode.swift; path = FlikrCollectionViewCell.swift; sourceTree = "<group>"; };
		C03D3FBC20040C8A00F15A2C /* ApiKeys.swift */ = {isa = PBXFileReference; lastKnownFileType = sourcecode.swift; path = ApiKeys.swift; sourceTree = "<group>"; };
		C0B8FB63200953B2008E66A9 /* UIImageView + Extentions .swift */ = {isa = PBXFileReference; lastKnownFileType = sourcecode.swift; path = "UIImageView + Extentions .swift"; sourceTree = "<group>"; };
		C0E92D822003FEC70002A8F5 /* flicker_application.app */ = {isa = PBXFileReference; explicitFileType = wrapper.application; includeInIndex = 0; path = flicker_application.app; sourceTree = BUILT_PRODUCTS_DIR; };
		C0E92D852003FEC70002A8F5 /* AppDelegate.swift */ = {isa = PBXFileReference; lastKnownFileType = sourcecode.swift; path = AppDelegate.swift; sourceTree = "<group>"; };
		C0E92D872003FEC70002A8F5 /* MainFeedViewController.swift */ = {isa = PBXFileReference; lastKnownFileType = sourcecode.swift; path = MainFeedViewController.swift; sourceTree = "<group>"; };
		C0E92D8A2003FEC70002A8F5 /* Base */ = {isa = PBXFileReference; lastKnownFileType = file.storyboard; name = Base; path = Base.lproj/Main.storyboard; sourceTree = "<group>"; };
		C0E92D8C2003FEC70002A8F5 /* Assets.xcassets */ = {isa = PBXFileReference; lastKnownFileType = folder.assetcatalog; path = Assets.xcassets; sourceTree = "<group>"; };
		C0E92D8F2003FEC70002A8F5 /* Base */ = {isa = PBXFileReference; lastKnownFileType = file.storyboard; name = Base; path = Base.lproj/LaunchScreen.storyboard; sourceTree = "<group>"; };
		C0E92D912003FEC70002A8F5 /* Info.plist */ = {isa = PBXFileReference; lastKnownFileType = text.plist.xml; path = Info.plist; sourceTree = "<group>"; };
		C6FFEF162C245A694C450F91 /* Pods_flicker_applicationTests.framework */ = {isa = PBXFileReference; explicitFileType = wrapper.framework; includeInIndex = 0; path = Pods_flicker_applicationTests.framework; sourceTree = BUILT_PRODUCTS_DIR; };
		CCE5FE48967071522228E7DA /* Pods-flicker_application.release.xcconfig */ = {isa = PBXFileReference; includeInIndex = 1; lastKnownFileType = text.xcconfig; name = "Pods-flicker_application.release.xcconfig"; path = "Pods/Target Support Files/Pods-flicker_application/Pods-flicker_application.release.xcconfig"; sourceTree = "<group>"; };
		E1727B62A7F9261E7F12CDA4 /* Pods_flicker_application.framework */ = {isa = PBXFileReference; explicitFileType = wrapper.framework; includeInIndex = 0; path = Pods_flicker_application.framework; sourceTree = BUILT_PRODUCTS_DIR; };
/* End PBXFileReference section */

/* Begin PBXFrameworksBuildPhase section */
		C0E92D7F2003FEC70002A8F5 /* Frameworks */ = {
			isa = PBXFrameworksBuildPhase;
			buildActionMask = 2147483647;
			files = (
				221ECF93708CDCB1D3B3D3B7 /* Pods_flicker_application.framework in Frameworks */,
			);
			runOnlyForDeploymentPostprocessing = 0;
		};
/* End PBXFrameworksBuildPhase section */

/* Begin PBXGroup section */
		B04874083F57CB5E26A249F1 /* Pods */ = {
			isa = PBXGroup;
			children = (
				2E1CC94F8D31C671039ED815 /* Pods-flicker_application.debug.xcconfig */,
				CCE5FE48967071522228E7DA /* Pods-flicker_application.release.xcconfig */,
				979D02E32C731F31CB007E90 /* Pods-flicker_applicationTests.debug.xcconfig */,
				8C6AD83679183411324164F0 /* Pods-flicker_applicationTests.release.xcconfig */,
				979335E8C13C38012DD84C55 /* Pods-flicker_applicationUITests.debug.xcconfig */,
				B848E2C2E8A95C9E9CB6F048 /* Pods-flicker_applicationUITests.release.xcconfig */,
			);
			name = Pods;
			sourceTree = "<group>";
		};
		B48DEC88B18FDD741C400BB8 /* Frameworks */ = {
			isa = PBXGroup;
			children = (
				E1727B62A7F9261E7F12CDA4 /* Pods_flicker_application.framework */,
				C6FFEF162C245A694C450F91 /* Pods_flicker_applicationTests.framework */,
				3CDA1DF2D2A685EF51866403 /* Pods_flicker_applicationUITests.framework */,
			);
			name = Frameworks;
			sourceTree = "<group>";
		};
		C03D3FAD2004001D00F15A2C /* Model */ = {
			isa = PBXGroup;
			children = (
				C03D3FB3200400D500F15A2C /* FlickrPhoto.swift */,
			);
			path = Model;
			sourceTree = "<group>";
		};
		C03D3FAE2004002A00F15A2C /* View */ = {
			isa = PBXGroup;
			children = (
				C03D3FB920040AA800F15A2C /* FlikrCollectionViewCell.swift */,
			);
			path = View;
			sourceTree = "<group>";
		};
		C03D3FAF2004003300F15A2C /* Controller */ = {
			isa = PBXGroup;
			children = (
				C0E92D852003FEC70002A8F5 /* AppDelegate.swift */,
				C0E92D872003FEC70002A8F5 /* MainFeedViewController.swift */,
			);
			path = Controller;
			sourceTree = "<group>";
		};
		C03D3FB02004003D00F15A2C /* Support Files */ = {
			isa = PBXGroup;
			children = (
				C0E92D8C2003FEC70002A8F5 /* Assets.xcassets */,
				C0E92D912003FEC70002A8F5 /* Info.plist */,
			);
			path = "Support Files";
			sourceTree = "<group>";
		};
		C03D3FB12004004E00F15A2C /* Storyboards */ = {
			isa = PBXGroup;
			children = (
				C0E92D892003FEC70002A8F5 /* Main.storyboard */,
				C0E92D8E2003FEC70002A8F5 /* LaunchScreen.storyboard */,
			);
			path = Storyboards;
			sourceTree = "<group>";
		};
		C03D3FB22004007C00F15A2C /* Servicers */ = {
			isa = PBXGroup;
			children = (
				C03D3FB72004052900F15A2C /* FlickrService.swift */,
				C03D3FB52004022100F15A2C /* FlikerAPI.swift */,
			);
			path = Servicers;
			sourceTree = "<group>";
		};
		C03D3FBB20040C7300F15A2C /* Confidential */ = {
			isa = PBXGroup;
			children = (
				C03D3FBC20040C8A00F15A2C /* ApiKeys.swift */,
				C012EDA02009A33400AF5C1E /* FlickrQueues.swift */,
			);
			path = Confidential;
			sourceTree = "<group>";
		};
		C0B8FB6220095389008E66A9 /* Extentions */ = {
			isa = PBXGroup;
			children = (
				C0B8FB63200953B2008E66A9 /* UIImageView + Extentions .swift */,
			);
			path = Extentions;
			sourceTree = "<group>";
		};
		C0E92D792003FEC70002A8F5 = {
			isa = PBXGroup;
			children = (
				C0E92D842003FEC70002A8F5 /* flicker_application */,
				C0E92D832003FEC70002A8F5 /* Products */,
				B04874083F57CB5E26A249F1 /* Pods */,
				B48DEC88B18FDD741C400BB8 /* Frameworks */,
			);
			sourceTree = "<group>";
		};
		C0E92D832003FEC70002A8F5 /* Products */ = {
			isa = PBXGroup;
			children = (
				C0E92D822003FEC70002A8F5 /* flicker_application.app */,
			);
			name = Products;
			sourceTree = "<group>";
		};
		C0E92D842003FEC70002A8F5 /* flicker_application */ = {
			isa = PBXGroup;
			children = (
				C03D3FB02004003D00F15A2C /* Support Files */,
				C0B8FB6220095389008E66A9 /* Extentions */,
				C03D3FBB20040C7300F15A2C /* Confidential */,
				C03D3FB22004007C00F15A2C /* Servicers */,
				C03D3FB12004004E00F15A2C /* Storyboards */,
				C03D3FAF2004003300F15A2C /* Controller */,
				C03D3FAE2004002A00F15A2C /* View */,
				C03D3FAD2004001D00F15A2C /* Model */,
			);
			path = flicker_application;
			sourceTree = "<group>";
		};
/* End PBXGroup section */

/* Begin PBXNativeTarget section */
		C0E92D812003FEC70002A8F5 /* flicker_application */ = {
			isa = PBXNativeTarget;
			buildConfigurationList = C0E92DAA2003FEC70002A8F5 /* Build configuration list for PBXNativeTarget "flicker_application" */;
			buildPhases = (
				EE7AAC4F8644BD5CD0110606 /* [CP] Check Pods Manifest.lock */,
				C0E92D7E2003FEC70002A8F5 /* Sources */,
				C0E92D7F2003FEC70002A8F5 /* Frameworks */,
				C0E92D802003FEC70002A8F5 /* Resources */,
				142FD36BCC51311AF5E00A41 /* [CP] Embed Pods Frameworks */,
				7E05896F68DDF8D068D3E0A5 /* [CP] Copy Pods Resources */,
			);
			buildRules = (
			);
			dependencies = (
			);
			name = flicker_application;
			productName = flicker_application;
			productReference = C0E92D822003FEC70002A8F5 /* flicker_application.app */;
			productType = "com.apple.product-type.application";
		};
/* End PBXNativeTarget section */

/* Begin PBXProject section */
		C0E92D7A2003FEC70002A8F5 /* Project object */ = {
			isa = PBXProject;
			attributes = {
				LastSwiftUpdateCheck = 0920;
				LastUpgradeCheck = 0920;
				ORGANIZATIONNAME = "Marquavious Draggon";
				TargetAttributes = {
					C0E92D812003FEC70002A8F5 = {
						CreatedOnToolsVersion = 9.2;
						ProvisioningStyle = Automatic;
					};
				};
			};
			buildConfigurationList = C0E92D7D2003FEC70002A8F5 /* Build configuration list for PBXProject "flicker_application" */;
			compatibilityVersion = "Xcode 8.0";
			developmentRegion = en;
			hasScannedForEncodings = 0;
			knownRegions = (
				en,
				Base,
			);
			mainGroup = C0E92D792003FEC70002A8F5;
			productRefGroup = C0E92D832003FEC70002A8F5 /* Products */;
			projectDirPath = "";
			projectRoot = "";
			targets = (
				C0E92D812003FEC70002A8F5 /* flicker_application */,
			);
		};
/* End PBXProject section */

/* Begin PBXResourcesBuildPhase section */
		C0E92D802003FEC70002A8F5 /* Resources */ = {
			isa = PBXResourcesBuildPhase;
			buildActionMask = 2147483647;
			files = (
				C0E92D902003FEC70002A8F5 /* LaunchScreen.storyboard in Resources */,
				C0E92D8D2003FEC70002A8F5 /* Assets.xcassets in Resources */,
				C0E92D8B2003FEC70002A8F5 /* Main.storyboard in Resources */,
			);
			runOnlyForDeploymentPostprocessing = 0;
		};
/* End PBXResourcesBuildPhase section */

/* Begin PBXShellScriptBuildPhase section */
		142FD36BCC51311AF5E00A41 /* [CP] Embed Pods Frameworks */ = {
			isa = PBXShellScriptBuildPhase;
			buildActionMask = 2147483647;
			files = (
			);
			inputPaths = (
			);
			name = "[CP] Embed Pods Frameworks";
			outputPaths = (
			);
			runOnlyForDeploymentPostprocessing = 0;
			shellPath = /bin/sh;
			shellScript = "\"${SRCROOT}/Pods/Target Support Files/Pods-flicker_application/Pods-flicker_application-frameworks.sh\"\n";
			showEnvVarsInLog = 0;
		};
		7E05896F68DDF8D068D3E0A5 /* [CP] Copy Pods Resources */ = {
			isa = PBXShellScriptBuildPhase;
			buildActionMask = 2147483647;
			files = (
			);
			inputPaths = (
			);
			name = "[CP] Copy Pods Resources";
			outputPaths = (
			);
			runOnlyForDeploymentPostprocessing = 0;
			shellPath = /bin/sh;
			shellScript = "\"${SRCROOT}/Pods/Target Support Files/Pods-flicker_application/Pods-flicker_application-resources.sh\"\n";
			showEnvVarsInLog = 0;
		};
		EE7AAC4F8644BD5CD0110606 /* [CP] Check Pods Manifest.lock */ = {
			isa = PBXShellScriptBuildPhase;
			buildActionMask = 2147483647;
			files = (
			);
			inputPaths = (
			);
			name = "[CP] Check Pods Manifest.lock";
			outputPaths = (
			);
			runOnlyForDeploymentPostprocessing = 0;
			shellPath = /bin/sh;
			shellScript = "diff \"${PODS_PODFILE_DIR_PATH}/Podfile.lock\" \"${PODS_ROOT}/Manifest.lock\" > /dev/null\nif [ $? != 0 ] ; then\n    # print error to STDERR\n    echo \"error: The sandbox is not in sync with the Podfile.lock. Run 'pod install' or update your CocoaPods installation.\" >&2\n    exit 1\nfi\n";
			showEnvVarsInLog = 0;
		};
/* End PBXShellScriptBuildPhase section */

/* Begin PBXSourcesBuildPhase section */
		C0E92D7E2003FEC70002A8F5 /* Sources */ = {
			isa = PBXSourcesBuildPhase;
			buildActionMask = 2147483647;
			files = (
				C03D3FBD20040C8A00F15A2C /* ApiKeys.swift in Sources */,
				C0E92D882003FEC70002A8F5 /* MainFeedViewController.swift in Sources */,
				C03D3FB62004022100F15A2C /* FlikerAPI.swift in Sources */,
				C0B8FB64200953B2008E66A9 /* UIImageView + Extentions .swift in Sources */,
				C03D3FB4200400D500F15A2C /* FlickrPhoto.swift in Sources */,
				C012EDA12009A33400AF5C1E /* FlickrQueues.swift in Sources */,
				C0E92D862003FEC70002A8F5 /* AppDelegate.swift in Sources */,
				C03D3FB82004052900F15A2C /* FlickrService.swift in Sources */,
				C03D3FBA20040AA800F15A2C /* FlikrCollectionViewCell.swift in Sources */,
			);
			runOnlyForDeploymentPostprocessing = 0;
		};
/* End PBXSourcesBuildPhase section */

/* Begin PBXVariantGroup section */
		C0E92D892003FEC70002A8F5 /* Main.storyboard */ = {
			isa = PBXVariantGroup;
			children = (
				C0E92D8A2003FEC70002A8F5 /* Base */,
			);
			name = Main.storyboard;
			sourceTree = "<group>";
		};
		C0E92D8E2003FEC70002A8F5 /* LaunchScreen.storyboard */ = {
			isa = PBXVariantGroup;
			children = (
				C0E92D8F2003FEC70002A8F5 /* Base */,
			);
			name = LaunchScreen.storyboard;
			sourceTree = "<group>";
		};
/* End PBXVariantGroup section */

/* Begin XCBuildConfiguration section */
		C0E92DA82003FEC70002A8F5 /* Debug */ = {
			isa = XCBuildConfiguration;
			buildSettings = {
				ALWAYS_SEARCH_USER_PATHS = NO;
				CLANG_ANALYZER_NONNULL = YES;
				CLANG_ANALYZER_NUMBER_OBJECT_CONVERSION = YES_AGGRESSIVE;
				CLANG_CXX_LANGUAGE_STANDARD = "gnu++14";
				CLANG_CXX_LIBRARY = "libc++";
				CLANG_ENABLE_MODULES = YES;
				CLANG_ENABLE_OBJC_ARC = YES;
				CLANG_WARN_BLOCK_CAPTURE_AUTORELEASING = YES;
				CLANG_WARN_BOOL_CONVERSION = YES;
				CLANG_WARN_COMMA = YES;
				CLANG_WARN_CONSTANT_CONVERSION = YES;
				CLANG_WARN_DIRECT_OBJC_ISA_USAGE = YES_ERROR;
				CLANG_WARN_DOCUMENTATION_COMMENTS = YES;
				CLANG_WARN_EMPTY_BODY = YES;
				CLANG_WARN_ENUM_CONVERSION = YES;
				CLANG_WARN_INFINITE_RECURSION = YES;
				CLANG_WARN_INT_CONVERSION = YES;
				CLANG_WARN_NON_LITERAL_NULL_CONVERSION = YES;
				CLANG_WARN_OBJC_LITERAL_CONVERSION = YES;
				CLANG_WARN_OBJC_ROOT_CLASS = YES_ERROR;
				CLANG_WARN_RANGE_LOOP_ANALYSIS = YES;
				CLANG_WARN_STRICT_PROTOTYPES = YES;
				CLANG_WARN_SUSPICIOUS_MOVE = YES;
				CLANG_WARN_UNGUARDED_AVAILABILITY = YES_AGGRESSIVE;
				CLANG_WARN_UNREACHABLE_CODE = YES;
				CLANG_WARN__DUPLICATE_METHOD_MATCH = YES;
				CODE_SIGN_IDENTITY = "iPhone Developer";
				COPY_PHASE_STRIP = NO;
				DEBUG_INFORMATION_FORMAT = dwarf;
				ENABLE_STRICT_OBJC_MSGSEND = YES;
				ENABLE_TESTABILITY = YES;
				GCC_C_LANGUAGE_STANDARD = gnu11;
				GCC_DYNAMIC_NO_PIC = NO;
				GCC_NO_COMMON_BLOCKS = YES;
				GCC_OPTIMIZATION_LEVEL = 0;
				GCC_PREPROCESSOR_DEFINITIONS = (
					"DEBUG=1",
					"$(inherited)",
				);
				GCC_WARN_64_TO_32_BIT_CONVERSION = YES;
				GCC_WARN_ABOUT_RETURN_TYPE = YES_ERROR;
				GCC_WARN_UNDECLARED_SELECTOR = YES;
				GCC_WARN_UNINITIALIZED_AUTOS = YES_AGGRESSIVE;
				GCC_WARN_UNUSED_FUNCTION = YES;
				GCC_WARN_UNUSED_VARIABLE = YES;
				IPHONEOS_DEPLOYMENT_TARGET = 11.2;
				MTL_ENABLE_DEBUG_INFO = YES;
				ONLY_ACTIVE_ARCH = YES;
				SDKROOT = iphoneos;
				SWIFT_ACTIVE_COMPILATION_CONDITIONS = DEBUG;
				SWIFT_OPTIMIZATION_LEVEL = "-Onone";
			};
			name = Debug;
		};
		C0E92DA92003FEC70002A8F5 /* Release */ = {
			isa = XCBuildConfiguration;
			buildSettings = {
				ALWAYS_SEARCH_USER_PATHS = NO;
				CLANG_ANALYZER_NONNULL = YES;
				CLANG_ANALYZER_NUMBER_OBJECT_CONVERSION = YES_AGGRESSIVE;
				CLANG_CXX_LANGUAGE_STANDARD = "gnu++14";
				CLANG_CXX_LIBRARY = "libc++";
				CLANG_ENABLE_MODULES = YES;
				CLANG_ENABLE_OBJC_ARC = YES;
				CLANG_WARN_BLOCK_CAPTURE_AUTORELEASING = YES;
				CLANG_WARN_BOOL_CONVERSION = YES;
				CLANG_WARN_COMMA = YES;
				CLANG_WARN_CONSTANT_CONVERSION = YES;
				CLANG_WARN_DIRECT_OBJC_ISA_USAGE = YES_ERROR;
				CLANG_WARN_DOCUMENTATION_COMMENTS = YES;
				CLANG_WARN_EMPTY_BODY = YES;
				CLANG_WARN_ENUM_CONVERSION = YES;
				CLANG_WARN_INFINITE_RECURSION = YES;
				CLANG_WARN_INT_CONVERSION = YES;
				CLANG_WARN_NON_LITERAL_NULL_CONVERSION = YES;
				CLANG_WARN_OBJC_LITERAL_CONVERSION = YES;
				CLANG_WARN_OBJC_ROOT_CLASS = YES_ERROR;
				CLANG_WARN_RANGE_LOOP_ANALYSIS = YES;
				CLANG_WARN_STRICT_PROTOTYPES = YES;
				CLANG_WARN_SUSPICIOUS_MOVE = YES;
				CLANG_WARN_UNGUARDED_AVAILABILITY = YES_AGGRESSIVE;
				CLANG_WARN_UNREACHABLE_CODE = YES;
				CLANG_WARN__DUPLICATE_METHOD_MATCH = YES;
				CODE_SIGN_IDENTITY = "iPhone Developer";
				COPY_PHASE_STRIP = NO;
				DEBUG_INFORMATION_FORMAT = "dwarf-with-dsym";
				ENABLE_NS_ASSERTIONS = NO;
				ENABLE_STRICT_OBJC_MSGSEND = YES;
				GCC_C_LANGUAGE_STANDARD = gnu11;
				GCC_NO_COMMON_BLOCKS = YES;
				GCC_WARN_64_TO_32_BIT_CONVERSION = YES;
				GCC_WARN_ABOUT_RETURN_TYPE = YES_ERROR;
				GCC_WARN_UNDECLARED_SELECTOR = YES;
				GCC_WARN_UNINITIALIZED_AUTOS = YES_AGGRESSIVE;
				GCC_WARN_UNUSED_FUNCTION = YES;
				GCC_WARN_UNUSED_VARIABLE = YES;
				IPHONEOS_DEPLOYMENT_TARGET = 11.2;
				MTL_ENABLE_DEBUG_INFO = NO;
				SDKROOT = iphoneos;
				SWIFT_OPTIMIZATION_LEVEL = "-Owholemodule";
				VALIDATE_PRODUCT = YES;
			};
			name = Release;
		};
		C0E92DAB2003FEC70002A8F5 /* Debug */ = {
			isa = XCBuildConfiguration;
			baseConfigurationReference = 2E1CC94F8D31C671039ED815 /* Pods-flicker_application.debug.xcconfig */;
			buildSettings = {
				ASSETCATALOG_COMPILER_APPICON_NAME = AppIcon;
				CODE_SIGN_STYLE = Automatic;
				DEVELOPMENT_TEAM = HGS8K6RYR7;
				INFOPLIST_FILE = "$(SRCROOT)/flicker_application/Support Files/Info.plist";
				LD_RUNPATH_SEARCH_PATHS = "$(inherited) @executable_path/Frameworks";
				PRODUCT_BUNDLE_IDENTIFIER = "com.marquavious.flicker-application";
				PRODUCT_NAME = "$(TARGET_NAME)";
				SWIFT_VERSION = 4.0;
				TARGETED_DEVICE_FAMILY = "1,2";
			};
			name = Debug;
		};
		C0E92DAC2003FEC70002A8F5 /* Release */ = {
			isa = XCBuildConfiguration;
			baseConfigurationReference = CCE5FE48967071522228E7DA /* Pods-flicker_application.release.xcconfig */;
			buildSettings = {
				ASSETCATALOG_COMPILER_APPICON_NAME = AppIcon;
				CODE_SIGN_STYLE = Automatic;
				DEVELOPMENT_TEAM = HGS8K6RYR7;
				INFOPLIST_FILE = "$(SRCROOT)/flicker_application/Support Files/Info.plist";
				LD_RUNPATH_SEARCH_PATHS = "$(inherited) @executable_path/Frameworks";
				PRODUCT_BUNDLE_IDENTIFIER = "com.marquavious.flicker-application";
				PRODUCT_NAME = "$(TARGET_NAME)";
				SWIFT_VERSION = 4.0;
				TARGETED_DEVICE_FAMILY = "1,2";
			};
			name = Release;
		};
/* End XCBuildConfiguration section */

/* Begin XCConfigurationList section */
		C0E92D7D2003FEC70002A8F5 /* Build configuration list for PBXProject "flicker_application" */ = {
			isa = XCConfigurationList;
			buildConfigurations = (
				C0E92DA82003FEC70002A8F5 /* Debug */,
				C0E92DA92003FEC70002A8F5 /* Release */,
			);
			defaultConfigurationIsVisible = 0;
			defaultConfigurationName = Release;
		};
		C0E92DAA2003FEC70002A8F5 /* Build configuration list for PBXNativeTarget "flicker_application" */ = {
			isa = XCConfigurationList;
			buildConfigurations = (
				C0E92DAB2003FEC70002A8F5 /* Debug */,
				C0E92DAC2003FEC70002A8F5 /* Release */,
			);
			defaultConfigurationIsVisible = 0;
			defaultConfigurationName = Release;
		};
/* End XCConfigurationList section */
	};
	rootObject = C0E92D7A2003FEC70002A8F5 /* Project object */;
}
